
Microsoft Visual Studio Solution File, Format Version 12.00
# Visual Studio 15
Project("{FAE04EC0-301F-11D3-BF4B-00C04F79EFBC}") = "Assembly-CSharp", "Assembly-CSharp.csproj", "{00FC2CEF-0CE4-7FB7-E37A-0F7F7F11FD6D}"
EndProject
Project("{FAE04EC0-301F-11D3-BF4B-00C04F79EFBC}") = "Assembly-CSharp-Editor", "Assembly-CSharp-Editor.csproj", "{B5B3EEE1-9A85-BAB5-71EC-BE10B2E989A7}"
EndProject
Global
	GlobalSection(SolutionConfigurationPlatforms) = preSolution
		Debug|Any CPU = Debug|Any CPU
		Release|Any CPU = Release|Any CPU
	EndGlobalSection
	GlobalSection(ProjectConfigurationPlatforms) = postSolution
		{00FC2CEF-0CE4-7FB7-E37A-0F7F7F11FD6D}.Debug|Any CPU.ActiveCfg = Debug|Any CPU
		{00FC2CEF-0CE4-7FB7-E37A-0F7F7F11FD6D}.Debug|Any CPU.Build.0 = Debug|Any CPU
		{00FC2CEF-0CE4-7FB7-E37A-0F7F7F11FD6D}.Release|Any CPU.ActiveCfg = Release|Any CPU
		{00FC2CEF-0CE4-7FB7-E37A-0F7F7F11FD6D}.Release|Any CPU.Build.0 = Release|Any CPU
		{B5B3EEE1-9A85-BAB5-71EC-BE10B2E989A7}.Debug|Any CPU.ActiveCfg = Debug|Any CPU
		{B5B3EEE1-9A85-BAB5-71EC-BE10B2E989A7}.Debug|Any CPU.Build.0 = Debug|Any CPU
		{B5B3EEE1-9A85-BAB5-71EC-BE10B2E989A7}.Release|Any CPU.ActiveCfg = Release|Any CPU
		{B5B3EEE1-9A85-BAB5-71EC-BE10B2E989A7}.Release|Any CPU.Build.0 = Release|Any CPU
	EndGlobalSection
	GlobalSection(SolutionProperties) = preSolution
		HideSolutionNode = FALSE
	EndGlobalSection
EndGlobal
